
Microsoft Visual Studio Solution File, Format Version 12.00
# Visual Studio Version 17
VisualStudioVersion = 17.2.32602.215
MinimumVisualStudioVersion = 10.0.40219.1
Project("{FAE04EC0-301F-11D3-BF4B-00C04F79EFBC}") = "AirspaceDownloader.Android", "AirspaceDownloader\AirspaceDownloader.Android\AirspaceDownloader.Android.csproj", "{D4E6D289-0281-4AB8-A231-FBCBC99E63F2}"
EndProject
Project("{FAE04EC0-301F-11D3-BF4B-00C04F79EFBC}") = "AirspaceDownloader", "AirspaceDownloader\AirspaceDownloader\AirspaceDownloader.csproj", "{0A699D99-27F1-4B10-8F89-CF13EC523F72}"
EndProject
Global
	GlobalSection(SolutionConfigurationPlatforms) = preSolution
		Debug|Any CPU = Debug|Any CPU
		Release|Any CPU = Release|Any CPU
	EndGlobalSection
	GlobalSection(ProjectConfigurationPlatforms) = postSolution
		{D4E6D289-0281-4AB8-A231-FBCBC99E63F2}.Debug|Any CPU.ActiveCfg = Debug|Any CPU
		{D4E6D289-0281-4AB8-A231-FBCBC99E63F2}.Debug|Any CPU.Build.0 = Debug|Any CPU
		{D4E6D289-0281-4AB8-A231-FBCBC99E63F2}.Debug|Any CPU.Deploy.0 = Debug|Any CPU
		{D4E6D289-0281-4AB8-A231-FBCBC99E63F2}.Release|Any CPU.ActiveCfg = Release|Any CPU
		{D4E6D289-0281-4AB8-A231-FBCBC99E63F2}.Release|Any CPU.Build.0 = Release|Any CPU
		{D4E6D289-0281-4AB8-A231-FBCBC99E63F2}.Release|Any CPU.Deploy.0 = Release|Any CPU
		{0A699D99-27F1-4B10-8F89-CF13EC523F72}.Debug|Any CPU.ActiveCfg = Debug|Any CPU
		{0A699D99-27F1-4B10-8F89-CF13EC523F72}.Debug|Any CPU.Build.0 = Debug|Any CPU
		{0A699D99-27F1-4B10-8F89-CF13EC523F72}.Debug|Any CPU.Deploy.0 = Debug|Any CPU
		{0A699D99-27F1-4B10-8F89-CF13EC523F72}.Release|Any CPU.ActiveCfg = Release|Any CPU
		{0A699D99-27F1-4B10-8F89-CF13EC523F72}.Release|Any CPU.Build.0 = Release|Any CPU
		{0A699D99-27F1-4B10-8F89-CF13EC523F72}.Release|Any CPU.Deploy.0 = Release|Any CPU
	EndGlobalSection
	GlobalSection(SolutionProperties) = preSolution
		HideSolutionNode = FALSE
	EndGlobalSection
	GlobalSection(ExtensibilityGlobals) = postSolution
		SolutionGuid = {7249A762-72A8-4367-86F3-6A81E1340266}
	EndGlobalSection
EndGlobal
